
Microsoft Visual Studio Solution File, Format Version 12.00
# Visual Studio Version 16
VisualStudioVersion = 16.0.29009.5
MinimumVisualStudioVersion = 10.0.40219.1
Project("{FAE04EC0-301F-11D3-BF4B-00C04F79EFBC}") = "Q1 and Q2", "Q1\Q1 and Q2.csproj", "{ED4ECD0B-22EE-4AE5-9F3D-7981E553E96D}"
EndProject
Global
	GlobalSection(SolutionConfigurationPlatforms) = preSolution
		Debug|Any CPU = Debug|Any CPU
		Release|Any CPU = Release|Any CPU
	EndGlobalSection
	GlobalSection(ProjectConfigurationPlatforms) = postSolution
		{ED4ECD0B-22EE-4AE5-9F3D-7981E553E96D}.Debug|Any CPU.ActiveCfg = Debug|Any CPU
		{ED4ECD0B-22EE-4AE5-9F3D-7981E553E96D}.Debug|Any CPU.Build.0 = Debug|Any CPU
		{ED4ECD0B-22EE-4AE5-9F3D-7981E553E96D}.Release|Any CPU.ActiveCfg = Release|Any CPU
		{ED4ECD0B-22EE-4AE5-9F3D-7981E553E96D}.Release|Any CPU.Build.0 = Release|Any CPU
	EndGlobalSection
	GlobalSection(SolutionProperties) = preSolution
		HideSolutionNode = FALSE
	EndGlobalSection
	GlobalSection(ExtensibilityGlobals) = postSolution
		SolutionGuid = {753AF376-537E-4A3F-B7C1-DC97B28C3393}
	EndGlobalSection
EndGlobal
